# THIS IS AN AUTOGENERATED FILE. DO NOT EDIT THIS FILE DIRECTLY.
# yarn lockfile v1


"js-tokens@^3.0.0 || ^4.0.0":
  version "4.0.0"
  resolved "https://registry.nlark.com/js-tokens/download/js-tokens-4.0.0.tgz#19203fb59991df98e3a287050d4647cdeaf32499"
  integrity sha1-GSA/tZmR35jjoocFDUZHzerzJJk=

loose-envify@^1.1.0:
  version "1.4.0"
  resolved "https://registry.npm.taobao.org/loose-envify/download/loose-envify-1.4.0.tgz#71ee51fa7be4caec1a63839f7e682d8132d30caf"
  integrity sha1-ce5R+nvkyuwaY4OffmgtgTLTDK8=
  dependencies:
    js-tokens "^3.0.0 || ^4.0.0"

mobx-react-lite@^3.2.0:
  version "3.2.0"
  resolved "https://registry.npm.taobao.org/mobx-react-lite/download/mobx-react-lite-3.2.0.tgz#331d7365a6b053378dfe9c087315b4e41c5df69f"
  integrity sha1-Mx1zZaawUzeN/pwIcxW05Bxd9p8=

mobx-react@^7.2.0:
  version "7.2.0"
  resolved "https://registry.nlark.com/mobx-react/download/mobx-react-7.2.0.tgz#241e925e963bb83a31d269f65f9f379e37ecbaeb"
  integrity sha1-JB6SXpY7uDox0mn2X583njfsuus=
  dependencies:
    mobx-react-lite "^3.2.0"

mobx@^6.3.2:
  version "6.3.2"
  resolved "https://registry.nlark.com/mobx/download/mobx-6.3.2.tgz#125590961f702a572c139ab69392bea416d2e51b"
  integrity sha1-ElWQlh9wKlcsE5q2k5K+pBbS5Rs=

object-assign@^4.1.1:
  version "4.1.1"
  resolved "https://registry.npm.taobao.org/object-assign/download/object-assign-4.1.1.tgz?cache=0&other_urls=https%3A%2F%2Fregistry.npm.taobao.org%2Fobject-assign%2Fdownload%2Fobject-assign-4.1.1.tgz#2109adc7965887cfc05cbbd442cac8bfbb360863"
  integrity sha1-IQmtx5ZYh8/AXLvUQsrIv7s2CGM=

react@^17.0.2:
  version "17.0.2"
  resolved "https://registry.nlark.com/react/download/react-17.0.2.tgz#d0b5cc516d29eb3eee383f75b62864cfb6800037"
  integrity sha1-0LXMUW0p6z7uOD91tihkz7aAADc=
  dependencies:
    loose-envify "^1.1.0"
    object-assign "^4.1.1"
